<?xml version="1.0" encoding="utf-8"?>
<Project ToolsVersion="4.0" xmlns="http://schemas.microsoft.com/developer/msbuild/2003">
  <ItemGroup>
    <Filter Include="소스 파일">
      <UniqueIdentifier>{4FC737F1-C7A5-4376-A066-2A32D752A2FF}</UniqueIdentifier>
      <Extensions>cpp;c;cc;cxx;def;odl;idl;hpj;bat;asm;asmx</Extensions>
    </Filter>
    <Filter Include="헤더 파일">
      <UniqueIdentifier>{93995380-89BD-4b04-88EB-625FBE52EBFB}</UniqueIdentifier>
      <Extensions>h;hh;hpp;hxx;hm;inl;inc;ipp;xsd</Extensions>
    </Filter>
    <Filter Include="리소스 파일">
      <UniqueIdentifier>{67DA6AB6-F800-4c08-8B7A-83BB121AAD01}</UniqueIdentifier>
      <Extensions>rc;ico;cur;bmp;dlg;rc2;rct;bin;rgs;gif;jpg;jpeg;jpe;resx;tiff;tif;png;wav;mfcribbon-ms</Extensions>
    </Filter>
  </ItemGroup>
  <ItemGroup>
    <ClInclude Include="resource.h">
      <Filter>헤더 파일</Filter>
    </ClInclude>
    <ClInclude Include="ConvertData.h">
      <Filter>헤더 파일</Filter>
    </ClInclude>
    <ClInclude Include="Equipment_REMS.h">
      <Filter>헤더 파일</Filter>
    </ClInclude>
    <ClInclude Include="Inverter_ABBI.h">
      <Filter>헤더 파일</Filter>
    </ClInclude>
    <ClInclude Include="Inverter_DASS.h">
      <Filter>헤더 파일</Filter>
    </ClInclude>
    <ClInclude Include="Inverter_E_P3.h">
      <Filter>헤더 파일</Filter>
    </ClInclude>
    <ClInclude Include="Inverter_E_P5.h">
      <Filter>헤더 파일</Filter>
    </ClInclude>
    <ClInclude Include="Inverter_EKOS.h">
      <Filter>헤더 파일</Filter>
    </ClInclude>
    <ClInclude Include="Inverter_HANS.h">
      <Filter>헤더 파일</Filter>
    </ClInclude>
    <ClInclude Include="Inverter_HEXP.h">
      <Filter>헤더 파일</Filter>
    </ClInclude>
    <ClInclude Include="Inverter_REFU.h">
      <Filter>헤더 파일</Filter>
    </ClInclude>
    <ClInclude Include="Inverter_SUNG.h">
      <Filter>헤더 파일</Filter>
    </ClInclude>
    <ClInclude Include="Inverter_WILL.h">
      <Filter>헤더 파일</Filter>
    </ClInclude>
    <ClInclude Include="InverterComm.h">
      <Filter>헤더 파일</Filter>
    </ClInclude>
    <ClInclude Include="SerialComm.h">
      <Filter>헤더 파일</Filter>
    </ClInclude>
    <ClInclude Include="SerialCommHandler.h">
      <Filter>헤더 파일</Filter>
    </ClInclude>
    <ClInclude Include="DlgProc_ConnectPort.h">
      <Filter>헤더 파일</Filter>
    </ClInclude>
    <ClInclude Include="Dlg_IDScan.h">
      <Filter>헤더 파일</Filter>
    </ClInclude>
    <ClInclude Include="DlgProc_InvComm.h">
      <Filter>헤더 파일</Filter>
    </ClInclude>
  </ItemGroup>
  <ItemGroup>
    <ResourceCompile Include="InverterComm.rc">
      <Filter>리소스 파일</Filter>
    </ResourceCompile>
  </ItemGroup>
  <ItemGroup>
    <ClCompile Include="ConvertData.c">
      <Filter>소스 파일</Filter>
    </ClCompile>
    <ClCompile Include="InverterComm.cpp">
      <Filter>소스 파일</Filter>
    </ClCompile>
    <ClCompile Include="SerialComm.cpp">
      <Filter>소스 파일</Filter>
    </ClCompile>
    <ClCompile Include="SerialCommHandler.cpp">
      <Filter>소스 파일</Filter>
    </ClCompile>
    <ClCompile Include="DlgProc_ConnectPort.cpp">
      <Filter>소스 파일</Filter>
    </ClCompile>
    <ClCompile Include="Dlg_IDScan.cpp">
      <Filter>소스 파일</Filter>
    </ClCompile>
    <ClCompile Include="DlgProc_InvComm.cpp">
      <Filter>소스 파일</Filter>
    </ClCompile>
    <ClCompile Include="Inverter_ABBI.cpp">
      <Filter>소스 파일</Filter>
    </ClCompile>
    <ClCompile Include="Equipment_REMS.cpp">
      <Filter>소스 파일</Filter>
    </ClCompile>
    <ClCompile Include="Inverter_DASS.cpp">
      <Filter>소스 파일</Filter>
    </ClCompile>
    <ClCompile Include="Inverter_E_P3.cpp">
      <Filter>소스 파일</Filter>
    </ClCompile>
    <ClCompile Include="Inverter_E_P5.cpp">
      <Filter>소스 파일</Filter>
    </ClCompile>
    <ClCompile Include="Inverter_EKOS.cpp">
      <Filter>소스 파일</Filter>
    </ClCompile>
    <ClCompile Include="Inverter_HANS.cpp">
      <Filter>소스 파일</Filter>
    </ClCompile>
    <ClCompile Include="Inverter_HEXP.cpp">
      <Filter>소스 파일</Filter>
    </ClCompile>
    <ClCompile Include="Inverter_REFU.cpp">
      <Filter>소스 파일</Filter>
    </ClCompile>
    <ClCompile Include="Inverter_SUNG.cpp">
      <Filter>소스 파일</Filter>
    </ClCompile>
    <ClCompile Include="Inverter_WILL.cpp">
      <Filter>소스 파일</Filter>
    </ClCompile>
  </ItemGroup>
  <ItemGroup>
    <Image Include="InverterComm.ico">
      <Filter>리소스 파일</Filter>
    </Image>
    <Image Include="small.ico">
      <Filter>리소스 파일</Filter>
    </Image>
    <Image Include="대은로고.bmp">
      <Filter>리소스 파일</Filter>
    </Image>
  </ItemGroup>
  <ItemGroup>
    <None Include="cursor1.cur">
      <Filter>리소스 파일</Filter>
    </None>
  </ItemGroup>
</Project>